// !$*UTF8*$!
{
	archiveVersion = 1;
	classes = {
	};
	objectVersion = 50;
	objects = {

/* Begin PBXBuildFile section */
		FB854C77265F90DA0004B6CC /* AppDelegate.swift in Sources */ = {isa = PBXBuildFile; fileRef = FB854C76265F90DA0004B6CC /* AppDelegate.swift */; };
		FB854C79265F90DA0004B6CC /* SceneDelegate.swift in Sources */ = {isa = PBXBuildFile; fileRef = FB854C78265F90DA0004B6CC /* SceneDelegate.swift */; };
		FB854C7E265F90DA0004B6CC /* Main.storyboard in Resources */ = {isa = PBXBuildFile; fileRef = FB854C7C265F90DA0004B6CC /* Main.storyboard */; };
		FB854C80265F90DD0004B6CC /* Assets.xcassets in Resources */ = {isa = PBXBuildFile; fileRef = FB854C7F265F90DD0004B6CC /* Assets.xcassets */; };
		FB854C83265F90DD0004B6CC /* LaunchScreen.storyboard in Resources */ = {isa = PBXBuildFile; fileRef = FB854C81265F90DD0004B6CC /* LaunchScreen.storyboard */; };
		FB854C90265F92DB0004B6CC /* UsersListViewController.swift in Sources */ = {isa = PBXBuildFile; fileRef = FB854C8F265F92DB0004B6CC /* UsersListViewController.swift */; };
		FB854C92265F93130004B6CC /* UsersListViewController+AlertController.swift in Sources */ = {isa = PBXBuildFile; fileRef = FB854C91265F93130004B6CC /* UsersListViewController+AlertController.swift */; };
		FB854C94265F93510004B6CC /* ErrorManager.swift in Sources */ = {isa = PBXBuildFile; fileRef = FB854C93265F93510004B6CC /* ErrorManager.swift */; };
		FB854C96265F93790004B6CC /* HTTPURLResponse.swift in Sources */ = {isa = PBXBuildFile; fileRef = FB854C95265F93790004B6CC /* HTTPURLResponse.swift */; };
		FB854C98265F93C30004B6CC /* NetworkManager.swift in Sources */ = {isa = PBXBuildFile; fileRef = FB854C97265F93C30004B6CC /* NetworkManager.swift */; };
		FB854C9A265F94030004B6CC /* WebImageView.swift in Sources */ = {isa = PBXBuildFile; fileRef = FB854C99265F94030004B6CC /* WebImageView.swift */; };
		FB854C9C265F943B0004B6CC /* Endpoint.swift in Sources */ = {isa = PBXBuildFile; fileRef = FB854C9B265F943B0004B6CC /* Endpoint.swift */; };
		FB854C9E265F94650004B6CC /* User.swift in Sources */ = {isa = PBXBuildFile; fileRef = FB854C9D265F94650004B6CC /* User.swift */; };
		FB854CA0265F94A00004B6CC /* UserTableVierwCell.swift in Sources */ = {isa = PBXBuildFile; fileRef = FB854C9F265F94A00004B6CC /* UserTableVierwCell.swift */; };
/* End PBXBuildFile section */

/* Begin PBXFileReference section */
		FB854C73265F90DA0004B6CC /* GitHubUsersAppMVC.app */ = {isa = PBXFileReference; explicitFileType = wrapper.application; includeInIndex = 0; path = GitHubUsersAppMVC.app; sourceTree = BUILT_PRODUCTS_DIR; };
		FB854C76265F90DA0004B6CC /* AppDelegate.swift */ = {isa = PBXFileReference; lastKnownFileType = sourcecode.swift; path = AppDelegate.swift; sourceTree = "<group>"; };
		FB854C78265F90DA0004B6CC /* SceneDelegate.swift */ = {isa = PBXFileReference; lastKnownFileType = sourcecode.swift; path = SceneDelegate.swift; sourceTree = "<group>"; };
		FB854C7D265F90DA0004B6CC /* Base */ = {isa = PBXFileReference; lastKnownFileType = file.storyboard; name = Base; path = Base.lproj/Main.storyboard; sourceTree = "<group>"; };
		FB854C7F265F90DD0004B6CC /* Assets.xcassets */ = {isa = PBXFileReference; lastKnownFileType = folder.assetcatalog; path = Assets.xcassets; sourceTree = "<group>"; };
		FB854C82265F90DD0004B6CC /* Base */ = {isa = PBXFileReference; lastKnownFileType = file.storyboard; name = Base; path = Base.lproj/LaunchScreen.storyboard; sourceTree = "<group>"; };
		FB854C84265F90DD0004B6CC /* Info.plist */ = {isa = PBXFileReference; lastKnownFileType = text.plist.xml; path = Info.plist; sourceTree = "<group>"; };
		FB854C8F265F92DB0004B6CC /* UsersListViewController.swift */ = {isa = PBXFileReference; lastKnownFileType = sourcecode.swift; path = UsersListViewController.swift; sourceTree = "<group>"; };
		FB854C91265F93130004B6CC /* UsersListViewController+AlertController.swift */ = {isa = PBXFileReference; lastKnownFileType = sourcecode.swift; path = "UsersListViewController+AlertController.swift"; sourceTree = "<group>"; };
		FB854C93265F93510004B6CC /* ErrorManager.swift */ = {isa = PBXFileReference; lastKnownFileType = sourcecode.swift; path = ErrorManager.swift; sourceTree = "<group>"; };
		FB854C95265F93790004B6CC /* HTTPURLResponse.swift */ = {isa = PBXFileReference; lastKnownFileType = sourcecode.swift; path = HTTPURLResponse.swift; sourceTree = "<group>"; };
		FB854C97265F93C30004B6CC /* NetworkManager.swift */ = {isa = PBXFileReference; lastKnownFileType = sourcecode.swift; path = NetworkManager.swift; sourceTree = "<group>"; };
		FB854C99265F94030004B6CC /* WebImageView.swift */ = {isa = PBXFileReference; lastKnownFileType = sourcecode.swift; path = WebImageView.swift; sourceTree = "<group>"; };
		FB854C9B265F943B0004B6CC /* Endpoint.swift */ = {isa = PBXFileReference; lastKnownFileType = sourcecode.swift; path = Endpoint.swift; sourceTree = "<group>"; };
		FB854C9D265F94650004B6CC /* User.swift */ = {isa = PBXFileReference; lastKnownFileType = sourcecode.swift; path = User.swift; sourceTree = "<group>"; };
		FB854C9F265F94A00004B6CC /* UserTableVierwCell.swift */ = {isa = PBXFileReference; lastKnownFileType = sourcecode.swift; path = UserTableVierwCell.swift; sourceTree = "<group>"; };
/* End PBXFileReference section */

/* Begin PBXFrameworksBuildPhase section */
		FB854C70265F90DA0004B6CC /* Frameworks */ = {
			isa = PBXFrameworksBuildPhase;
			buildActionMask = 2147483647;
			files = (
			);
			runOnlyForDeploymentPostprocessing = 0;
		};
/* End PBXFrameworksBuildPhase section */

/* Begin PBXGroup section */
		FB854C6A265F90DA0004B6CC = {
			isa = PBXGroup;
			children = (
				FB854C75265F90DA0004B6CC /* GitHubUsersAppMVC */,
				FB854C74265F90DA0004B6CC /* Products */,
			);
			sourceTree = "<group>";
		};
		FB854C74265F90DA0004B6CC /* Products */ = {
			isa = PBXGroup;
			children = (
				FB854C73265F90DA0004B6CC /* GitHubUsersAppMVC.app */,
			);
			name = Products;
			sourceTree = "<group>";
		};
		FB854C75265F90DA0004B6CC /* GitHubUsersAppMVC */ = {
			isa = PBXGroup;
			children = (
				FB854C8C265F90F40004B6CC /* Models */,
				FB854C8B265F90F10004B6CC /* Views */,
				FB854C8A265F90EE0004B6CC /* Controllers */,
				FB854C8D265F91110004B6CC /* Services */,
				FB854C8E265F91270004B6CC /* SupportingFiles */,
			);
			path = GitHubUsersAppMVC;
			sourceTree = "<group>";
		};
		FB854C8A265F90EE0004B6CC /* Controllers */ = {
			isa = PBXGroup;
			children = (
				FB854C8F265F92DB0004B6CC /* UsersListViewController.swift */,
				FB854C91265F93130004B6CC /* UsersListViewController+AlertController.swift */,
			);
			path = Controllers;
			sourceTree = "<group>";
		};
		FB854C8B265F90F10004B6CC /* Views */ = {
			isa = PBXGroup;
			children = (
				FB854C7C265F90DA0004B6CC /* Main.storyboard */,
				FB854C81265F90DD0004B6CC /* LaunchScreen.storyboard */,
				FB854C9F265F94A00004B6CC /* UserTableVierwCell.swift */,
			);
			path = Views;
			sourceTree = "<group>";
		};
		FB854C8C265F90F40004B6CC /* Models */ = {
			isa = PBXGroup;
			children = (
				FB854C9B265F943B0004B6CC /* Endpoint.swift */,
				FB854C9D265F94650004B6CC /* User.swift */,
			);
			path = Models;
			sourceTree = "<group>";
		};
		FB854C8D265F91110004B6CC /* Services */ = {
			isa = PBXGroup;
			children = (
				FB854C93265F93510004B6CC /* ErrorManager.swift */,
				FB854C95265F93790004B6CC /* HTTPURLResponse.swift */,
				FB854C97265F93C30004B6CC /* NetworkManager.swift */,
			);
			path = Services;
			sourceTree = "<group>";
		};
		FB854C8E265F91270004B6CC /* SupportingFiles */ = {
			isa = PBXGroup;
			children = (
				FB854C76265F90DA0004B6CC /* AppDelegate.swift */,
				FB854C78265F90DA0004B6CC /* SceneDelegate.swift */,
				FB854C99265F94030004B6CC /* WebImageView.swift */,
				FB854C7F265F90DD0004B6CC /* Assets.xcassets */,
				FB854C84265F90DD0004B6CC /* Info.plist */,
			);
			path = SupportingFiles;
			sourceTree = "<group>";
		};
/* End PBXGroup section */

/* Begin PBXNativeTarget section */
		FB854C72265F90DA0004B6CC /* GitHubUsersAppMVC */ = {
			isa = PBXNativeTarget;
			buildConfigurationList = FB854C87265F90DD0004B6CC /* Build configuration list for PBXNativeTarget "GitHubUsersAppMVC" */;
			buildPhases = (
				FB854C6F265F90DA0004B6CC /* Sources */,
				FB854C70265F90DA0004B6CC /* Frameworks */,
				FB854C71265F90DA0004B6CC /* Resources */,
			);
			buildRules = (
			);
			dependencies = (
			);
			name = GitHubUsersAppMVC;
			productName = GitHubUsersAppMVC;
			productReference = FB854C73265F90DA0004B6CC /* GitHubUsersAppMVC.app */;
			productType = "com.apple.product-type.application";
		};
/* End PBXNativeTarget section */

/* Begin PBXProject section */
		FB854C6B265F90DA0004B6CC /* Project object */ = {
			isa = PBXProject;
			attributes = {
				LastSwiftUpdateCheck = 1250;
				LastUpgradeCheck = 1250;
				TargetAttributes = {
					FB854C72265F90DA0004B6CC = {
						CreatedOnToolsVersion = 12.5;
					};
				};
			};
			buildConfigurationList = FB854C6E265F90DA0004B6CC /* Build configuration list for PBXProject "GitHubUsersAppMVC" */;
			compatibilityVersion = "Xcode 9.3";
			developmentRegion = en;
			hasScannedForEncodings = 0;
			knownRegions = (
				en,
				Base,
			);
			mainGroup = FB854C6A265F90DA0004B6CC;
			productRefGroup = FB854C74265F90DA0004B6CC /* Products */;
			projectDirPath = "";
			projectRoot = "";
			targets = (
				FB854C72265F90DA0004B6CC /* GitHubUsersAppMVC */,
			);
		};
/* End PBXProject section */

/* Begin PBXResourcesBuildPhase section */
		FB854C71265F90DA0004B6CC /* Resources */ = {
			isa = PBXResourcesBuildPhase;
			buildActionMask = 2147483647;
			files = (
				FB854C83265F90DD0004B6CC /* LaunchScreen.storyboard in Resources */,
				FB854C80265F90DD0004B6CC /* Assets.xcassets in Resources */,
				FB854C7E265F90DA0004B6CC /* Main.storyboard in Resources */,
			);
			runOnlyForDeploymentPostprocessing = 0;
		};
/* End PBXResourcesBuildPhase section */

/* Begin PBXSourcesBuildPhase section */
		FB854C6F265F90DA0004B6CC /* Sources */ = {
			isa = PBXSourcesBuildPhase;
			buildActionMask = 2147483647;
			files = (
				FB854C92265F93130004B6CC /* UsersListViewController+AlertController.swift in Sources */,
				FB854CA0265F94A00004B6CC /* UserTableVierwCell.swift in Sources */,
				FB854C9C265F943B0004B6CC /* Endpoint.swift in Sources */,
				FB854C9A265F94030004B6CC /* WebImageView.swift in Sources */,
				FB854C77265F90DA0004B6CC /* AppDelegate.swift in Sources */,
				FB854C96265F93790004B6CC /* HTTPURLResponse.swift in Sources */,
				FB854C98265F93C30004B6CC /* NetworkManager.swift in Sources */,
				FB854C79265F90DA0004B6CC /* SceneDelegate.swift in Sources */,
				FB854C90265F92DB0004B6CC /* UsersListViewController.swift in Sources */,
				FB854C9E265F94650004B6CC /* User.swift in Sources */,
				FB854C94265F93510004B6CC /* ErrorManager.swift in Sources */,
			);
			runOnlyForDeploymentPostprocessing = 0;
		};
/* End PBXSourcesBuildPhase section */

/* Begin PBXVariantGroup section */
		FB854C7C265F90DA0004B6CC /* Main.storyboard */ = {
			isa = PBXVariantGroup;
			children = (
				FB854C7D265F90DA0004B6CC /* Base */,
			);
			name = Main.storyboard;
			sourceTree = "<group>";
		};
		FB854C81265F90DD0004B6CC /* LaunchScreen.storyboard */ = {
			isa = PBXVariantGroup;
			children = (
				FB854C82265F90DD0004B6CC /* Base */,
			);
			name = LaunchScreen.storyboard;
			sourceTree = "<group>";
		};
/* End PBXVariantGroup section */

/* Begin XCBuildConfiguration section */
		FB854C85265F90DD0004B6CC /* Debug */ = {
			isa = XCBuildConfiguration;
			buildSettings = {
				ALWAYS_SEARCH_USER_PATHS = NO;
				CLANG_ANALYZER_NONNULL = YES;
				CLANG_ANALYZER_NUMBER_OBJECT_CONVERSION = YES_AGGRESSIVE;
				CLANG_CXX_LANGUAGE_STANDARD = "gnu++14";
				CLANG_CXX_LIBRARY = "libc++";
				CLANG_ENABLE_MODULES = YES;
				CLANG_ENABLE_OBJC_ARC = YES;
				CLANG_ENABLE_OBJC_WEAK = YES;
				CLANG_WARN_BLOCK_CAPTURE_AUTORELEASING = YES;
				CLANG_WARN_BOOL_CONVERSION = YES;
				CLANG_WARN_COMMA = YES;
				CLANG_WARN_CONSTANT_CONVERSION = YES;
				CLANG_WARN_DEPRECATED_OBJC_IMPLEMENTATIONS = YES;
				CLANG_WARN_DIRECT_OBJC_ISA_USAGE = YES_ERROR;
				CLANG_WARN_DOCUMENTATION_COMMENTS = YES;
				CLANG_WARN_EMPTY_BODY = YES;
				CLANG_WARN_ENUM_CONVERSION = YES;
				CLANG_WARN_INFINITE_RECURSION = YES;
				CLANG_WARN_INT_CONVERSION = YES;
				CLANG_WARN_NON_LITERAL_NULL_CONVERSION = YES;
				CLANG_WARN_OBJC_IMPLICIT_RETAIN_SELF = YES;
				CLANG_WARN_OBJC_LITERAL_CONVERSION = YES;
				CLANG_WARN_OBJC_ROOT_CLASS = YES_ERROR;
				CLANG_WARN_QUOTED_INCLUDE_IN_FRAMEWORK_HEADER = YES;
				CLANG_WARN_RANGE_LOOP_ANALYSIS = YES;
				CLANG_WARN_STRICT_PROTOTYPES = YES;
				CLANG_WARN_SUSPICIOUS_MOVE = YES;
				CLANG_WARN_UNGUARDED_AVAILABILITY = YES_AGGRESSIVE;
				CLANG_WARN_UNREACHABLE_CODE = YES;
				CLANG_WARN__DUPLICATE_METHOD_MATCH = YES;
				COPY_PHASE_STRIP = NO;
				DEBUG_INFORMATION_FORMAT = dwarf;
				ENABLE_STRICT_OBJC_MSGSEND = YES;
				ENABLE_TESTABILITY = YES;
				GCC_C_LANGUAGE_STANDARD = gnu11;
				GCC_DYNAMIC_NO_PIC = NO;
				GCC_NO_COMMON_BLOCKS = YES;
				GCC_OPTIMIZATION_LEVEL = 0;
				GCC_PREPROCESSOR_DEFINITIONS = (
					"DEBUG=1",
					"$(inherited)",
				);
				GCC_WARN_64_TO_32_BIT_CONVERSION = YES;
				GCC_WARN_ABOUT_RETURN_TYPE = YES_ERROR;
				GCC_WARN_UNDECLARED_SELECTOR = YES;
				GCC_WARN_UNINITIALIZED_AUTOS = YES_AGGRESSIVE;
				GCC_WARN_UNUSED_FUNCTION = YES;
				GCC_WARN_UNUSED_VARIABLE = YES;
				IPHONEOS_DEPLOYMENT_TARGET = 14.5;
				MTL_ENABLE_DEBUG_INFO = INCLUDE_SOURCE;
				MTL_FAST_MATH = YES;
				ONLY_ACTIVE_ARCH = YES;
				SDKROOT = iphoneos;
				SWIFT_ACTIVE_COMPILATION_CONDITIONS = DEBUG;
				SWIFT_OPTIMIZATION_LEVEL = "-Onone";
			};
			name = Debug;
		};
		FB854C86265F90DD0004B6CC /* Release */ = {
			isa = XCBuildConfiguration;
			buildSettings = {
				ALWAYS_SEARCH_USER_PATHS = NO;
				CLANG_ANALYZER_NONNULL = YES;
				CLANG_ANALYZER_NUMBER_OBJECT_CONVERSION = YES_AGGRESSIVE;
				CLANG_CXX_LANGUAGE_STANDARD = "gnu++14";
				CLANG_CXX_LIBRARY = "libc++";
				CLANG_ENABLE_MODULES = YES;
				CLANG_ENABLE_OBJC_ARC = YES;
				CLANG_ENABLE_OBJC_WEAK = YES;
				CLANG_WARN_BLOCK_CAPTURE_AUTORELEASING = YES;
				CLANG_WARN_BOOL_CONVERSION = YES;
				CLANG_WARN_COMMA = YES;
				CLANG_WARN_CONSTANT_CONVERSION = YES;
				CLANG_WARN_DEPRECATED_OBJC_IMPLEMENTATIONS = YES;
				CLANG_WARN_DIRECT_OBJC_ISA_USAGE = YES_ERROR;
				CLANG_WARN_DOCUMENTATION_COMMENTS = YES;
				CLANG_WARN_EMPTY_BODY = YES;
				CLANG_WARN_ENUM_CONVERSION = YES;
				CLANG_WARN_INFINITE_RECURSION = YES;
				CLANG_WARN_INT_CONVERSION = YES;
				CLANG_WARN_NON_LITERAL_NULL_CONVERSION = YES;
				CLANG_WARN_OBJC_IMPLICIT_RETAIN_SELF = YES;
				CLANG_WARN_OBJC_LITERAL_CONVERSION = YES;
				CLANG_WARN_OBJC_ROOT_CLASS = YES_ERROR;
				CLANG_WARN_QUOTED_INCLUDE_IN_FRAMEWORK_HEADER = YES;
				CLANG_WARN_RANGE_LOOP_ANALYSIS = YES;
				CLANG_WARN_STRICT_PROTOTYPES = YES;
				CLANG_WARN_SUSPICIOUS_MOVE = YES;
				CLANG_WARN_UNGUARDED_AVAILABILITY = YES_AGGRESSIVE;
				CLANG_WARN_UNREACHABLE_CODE = YES;
				CLANG_WARN__DUPLICATE_METHOD_MATCH = YES;
				COPY_PHASE_STRIP = NO;
				DEBUG_INFORMATION_FORMAT = "dwarf-with-dsym";
				ENABLE_NS_ASSERTIONS = NO;
				ENABLE_STRICT_OBJC_MSGSEND = YES;
				GCC_C_LANGUAGE_STANDARD = gnu11;
				GCC_NO_COMMON_BLOCKS = YES;
				GCC_WARN_64_TO_32_BIT_CONVERSION = YES;
				GCC_WARN_ABOUT_RETURN_TYPE = YES_ERROR;
				GCC_WARN_UNDECLARED_SELECTOR = YES;
				GCC_WARN_UNINITIALIZED_AUTOS = YES_AGGRESSIVE;
				GCC_WARN_UNUSED_FUNCTION = YES;
				GCC_WARN_UNUSED_VARIABLE = YES;
				IPHONEOS_DEPLOYMENT_TARGET = 14.5;
				MTL_ENABLE_DEBUG_INFO = NO;
				MTL_FAST_MATH = YES;
				SDKROOT = iphoneos;
				SWIFT_COMPILATION_MODE = wholemodule;
				SWIFT_OPTIMIZATION_LEVEL = "-O";
				VALIDATE_PRODUCT = YES;
			};
			name = Release;
		};
		FB854C88265F90DD0004B6CC /* Debug */ = {
			isa = XCBuildConfiguration;
			buildSettings = {
				ASSETCATALOG_COMPILER_APPICON_NAME = AppIcon;
				ASSETCATALOG_COMPILER_GLOBAL_ACCENT_COLOR_NAME = AccentColor;
				CODE_SIGN_STYLE = Automatic;
				DEVELOPMENT_TEAM = KMVUC2J4YA;
				INFOPLIST_FILE = "$(SRCROOT)/GitHubUsersAppMVC/SupportingFiles/Info.plist";
				IPHONEOS_DEPLOYMENT_TARGET = 13.0;
				LD_RUNPATH_SEARCH_PATHS = (
					"$(inherited)",
					"@executable_path/Frameworks",
				);
				PRODUCT_BUNDLE_IDENTIFIER = "BadProgrammer-inc.GitHubUsersAppMVC";
				PRODUCT_NAME = "$(TARGET_NAME)";
				SWIFT_VERSION = 5.0;
				TARGETED_DEVICE_FAMILY = 1;
			};
			name = Debug;
		};
		FB854C89265F90DD0004B6CC /* Release */ = {
			isa = XCBuildConfiguration;
			buildSettings = {
				ASSETCATALOG_COMPILER_APPICON_NAME = AppIcon;
				ASSETCATALOG_COMPILER_GLOBAL_ACCENT_COLOR_NAME = AccentColor;
				CODE_SIGN_STYLE = Automatic;
				DEVELOPMENT_TEAM = KMVUC2J4YA;
				INFOPLIST_FILE = "$(SRCROOT)/GitHubUsersAppMVC/SupportingFiles/Info.plist";
				IPHONEOS_DEPLOYMENT_TARGET = 13.0;
				LD_RUNPATH_SEARCH_PATHS = (
					"$(inherited)",
					"@executable_path/Frameworks",
				);
				PRODUCT_BUNDLE_IDENTIFIER = "BadProgrammer-inc.GitHubUsersAppMVC";
				PRODUCT_NAME = "$(TARGET_NAME)";
				SWIFT_VERSION = 5.0;
				TARGETED_DEVICE_FAMILY = 1;
			};
			name = Release;
		};
/* End XCBuildConfiguration section */

/* Begin XCConfigurationList section */
		FB854C6E265F90DA0004B6CC /* Build configuration list for PBXProject "GitHubUsersAppMVC" */ = {
			isa = XCConfigurationList;
			buildConfigurations = (
				FB854C85265F90DD0004B6CC /* Debug */,
				FB854C86265F90DD0004B6CC /* Release */,
			);
			defaultConfigurationIsVisible = 0;
			defaultConfigurationName = Release;
		};
		FB854C87265F90DD0004B6CC /* Build configuration list for PBXNativeTarget "GitHubUsersAppMVC" */ = {
			isa = XCConfigurationList;
			buildConfigurations = (
				FB854C88265F90DD0004B6CC /* Debug */,
				FB854C89265F90DD0004B6CC /* Release */,
			);
			defaultConfigurationIsVisible = 0;
			defaultConfigurationName = Release;
		};
/* End XCConfigurationList section */
	};
	rootObject = FB854C6B265F90DA0004B6CC /* Project object */;
}
